// !$*UTF8*$!
{
	archiveVersion = 1;
	classes = {
	};
	objectVersion = 55;
	objects = {

/* Begin PBXBuildFile section */
		DAB000000000000000000001 /* BoardView.swift in Sources */ = {isa = PBXBuildFile; fileRef = DA0000000000000000000001 /* BoardView.swift */; };
		DAB000000000000000000002 /* CampaignViews.swift in Sources */ = {isa = PBXBuildFile; fileRef = DA0000000000000000000002 /* CampaignViews.swift */; };
		DAB000000000000000000003 /* CodexView.swift in Sources */ = {isa = PBXBuildFile; fileRef = DA0000000000000000000003 /* CodexView.swift */; };
		DAB000000000000000000004 /* ContentCampaign.swift in Sources */ = {isa = PBXBuildFile; fileRef = DA0000000000000000000004 /* ContentCampaign.swift */; };
		DAB000000000000000000005 /* ContentHeroes.swift in Sources */ = {isa = PBXBuildFile; fileRef = DA0000000000000000000005 /* ContentHeroes.swift */; };
		DAB000000000000000000006 /* ContentMeta.swift in Sources */ = {isa = PBXBuildFile; fileRef = DA0000000000000000000006 /* ContentMeta.swift */; };
		DAB000000000000000000007 /* ContentMonsters.swift in Sources */ = {isa = PBXBuildFile; fileRef = DA0000000000000000000007 /* ContentMonsters.swift */; };
		DAB000000000000000000008 /* ContentTrapsRooms.swift in Sources */ = {isa = PBXBuildFile; fileRef = DA0000000000000000000008 /* ContentTrapsRooms.swift */; };
		DAB000000000000000000009 /* VorunelApp.swift in Sources */ = {isa = PBXBuildFile; fileRef = DA0000000000000000000009 /* VorunelApp.swift */; };
		DAB000000000000000000010 /* EditorView.swift in Sources */ = {isa = PBXBuildFile; fileRef = DA0000000000000000000010 /* EditorView.swift */; };
		DAB000000000000000000011 /* EndlessHubView.swift in Sources */ = {isa = PBXBuildFile; fileRef = DA0000000000000000000011 /* EndlessHubView.swift */; };
		DAB000000000000000000012 /* GameStore.swift in Sources */ = {isa = PBXBuildFile; fileRef = DA0000000000000000000012 /* GameStore.swift */; };
		DAB000000000000000000013 /* Icons.swift in Sources */ = {isa = PBXBuildFile; fileRef = DA0000000000000000000013 /* Icons.swift */; };
		DAB000000000000000000014 /* IconsGame.swift in Sources */ = {isa = PBXBuildFile; fileRef = DA0000000000000000000014 /* IconsGame.swift */; };
		DAB000000000000000000015 /* MainViews.swift in Sources */ = {isa = PBXBuildFile; fileRef = DA0000000000000000000015 /* MainViews.swift */; };
		DAB000000000000000000016 /* Models.swift in Sources */ = {isa = PBXBuildFile; fileRef = DA0000000000000000000016 /* Models.swift */; };
		DAB000000000000000000017 /* RaidEngine.swift in Sources */ = {isa = PBXBuildFile; fileRef = DA0000000000000000000017 /* RaidEngine.swift */; };
		DAB000000000000000000018 /* RaidModels.swift in Sources */ = {isa = PBXBuildFile; fileRef = DA0000000000000000000018 /* RaidModels.swift */; };
		DAB000000000000000000019 /* RaidResultView.swift in Sources */ = {isa = PBXBuildFile; fileRef = DA0000000000000000000019 /* RaidResultView.swift */; };
		DAB000000000000000000020 /* RaidView.swift in Sources */ = {isa = PBXBuildFile; fileRef = DA0000000000000000000020 /* RaidView.swift */; };
		DAB000000000000000000021 /* Support.swift in Sources */ = {isa = PBXBuildFile; fileRef = DA0000000000000000000021 /* Support.swift */; };
		DAB000000000000000000022 /* Theme.swift in Sources */ = {isa = PBXBuildFile; fileRef = DA0000000000000000000022 /* Theme.swift */; };
		DAB000000000000000000023 /* UnlocksView.swift in Sources */ = {isa = PBXBuildFile; fileRef = DA0000000000000000000023 /* UnlocksView.swift */; };
		DAB000000000000000000024 /* WebGate.swift in Sources */ = {isa = PBXBuildFile; fileRef = DA0000000000000000000024 /* WebGate.swift */; };
		DAB000000000000000000025 /* SettingsView.swift in Sources */ = {isa = PBXBuildFile; fileRef = DA0000000000000000000025 /* SettingsView.swift */; };
		DAB000000000000000000026 /* OnboardingView.swift in Sources */ = {isa = PBXBuildFile; fileRef = DA0000000000000000000026 /* OnboardingView.swift */; };
		DAB000000000000000000027 /* AchievementsView.swift in Sources */ = {isa = PBXBuildFile; fileRef = DA0000000000000000000027 /* AchievementsView.swift */; };
		DAB000000000000000000028 /* Assets.xcassets in Resources */ = {isa = PBXBuildFile; fileRef = DA0000000000000000000028 /* Assets.xcassets */; };
/* End PBXBuildFile section */

/* Begin PBXFileReference section */
		DA0000000000000000000001 /* BoardView.swift */ = {isa = PBXFileReference; lastKnownFileType = sourcecode.swift; path = BoardView.swift; sourceTree = "<group>"; };
		DA0000000000000000000002 /* CampaignViews.swift */ = {isa = PBXFileReference; lastKnownFileType = sourcecode.swift; path = CampaignViews.swift; sourceTree = "<group>"; };
		DA0000000000000000000003 /* CodexView.swift */ = {isa = PBXFileReference; lastKnownFileType = sourcecode.swift; path = CodexView.swift; sourceTree = "<group>"; };
		DA0000000000000000000004 /* ContentCampaign.swift */ = {isa = PBXFileReference; lastKnownFileType = sourcecode.swift; path = ContentCampaign.swift; sourceTree = "<group>"; };
		DA0000000000000000000005 /* ContentHeroes.swift */ = {isa = PBXFileReference; lastKnownFileType = sourcecode.swift; path = ContentHeroes.swift; sourceTree = "<group>"; };
		DA0000000000000000000006 /* ContentMeta.swift */ = {isa = PBXFileReference; lastKnownFileType = sourcecode.swift; path = ContentMeta.swift; sourceTree = "<group>"; };
		DA0000000000000000000007 /* ContentMonsters.swift */ = {isa = PBXFileReference; lastKnownFileType = sourcecode.swift; path = ContentMonsters.swift; sourceTree = "<group>"; };
		DA0000000000000000000008 /* ContentTrapsRooms.swift */ = {isa = PBXFileReference; lastKnownFileType = sourcecode.swift; path = ContentTrapsRooms.swift; sourceTree = "<group>"; };
		DA0000000000000000000009 /* VorunelApp.swift */ = {isa = PBXFileReference; lastKnownFileType = sourcecode.swift; path = VorunelApp.swift; sourceTree = "<group>"; };
		DA0000000000000000000010 /* EditorView.swift */ = {isa = PBXFileReference; lastKnownFileType = sourcecode.swift; path = EditorView.swift; sourceTree = "<group>"; };
		DA0000000000000000000011 /* EndlessHubView.swift */ = {isa = PBXFileReference; lastKnownFileType = sourcecode.swift; path = EndlessHubView.swift; sourceTree = "<group>"; };
		DA0000000000000000000012 /* GameStore.swift */ = {isa = PBXFileReference; lastKnownFileType = sourcecode.swift; path = GameStore.swift; sourceTree = "<group>"; };
		DA0000000000000000000013 /* Icons.swift */ = {isa = PBXFileReference; lastKnownFileType = sourcecode.swift; path = Icons.swift; sourceTree = "<group>"; };
		DA0000000000000000000014 /* IconsGame.swift */ = {isa = PBXFileReference; lastKnownFileType = sourcecode.swift; path = IconsGame.swift; sourceTree = "<group>"; };
		DA0000000000000000000015 /* MainViews.swift */ = {isa = PBXFileReference; lastKnownFileType = sourcecode.swift; path = MainViews.swift; sourceTree = "<group>"; };
		DA0000000000000000000016 /* Models.swift */ = {isa = PBXFileReference; lastKnownFileType = sourcecode.swift; path = Models.swift; sourceTree = "<group>"; };
		DA0000000000000000000017 /* RaidEngine.swift */ = {isa = PBXFileReference; lastKnownFileType = sourcecode.swift; path = RaidEngine.swift; sourceTree = "<group>"; };
		DA0000000000000000000018 /* RaidModels.swift */ = {isa = PBXFileReference; lastKnownFileType = sourcecode.swift; path = RaidModels.swift; sourceTree = "<group>"; };
		DA0000000000000000000019 /* RaidResultView.swift */ = {isa = PBXFileReference; lastKnownFileType = sourcecode.swift; path = RaidResultView.swift; sourceTree = "<group>"; };
		DA0000000000000000000020 /* RaidView.swift */ = {isa = PBXFileReference; lastKnownFileType = sourcecode.swift; path = RaidView.swift; sourceTree = "<group>"; };
		DA0000000000000000000021 /* Support.swift */ = {isa = PBXFileReference; lastKnownFileType = sourcecode.swift; path = Support.swift; sourceTree = "<group>"; };
		DA0000000000000000000022 /* Theme.swift */ = {isa = PBXFileReference; lastKnownFileType = sourcecode.swift; path = Theme.swift; sourceTree = "<group>"; };
		DA0000000000000000000023 /* UnlocksView.swift */ = {isa = PBXFileReference; lastKnownFileType = sourcecode.swift; path = UnlocksView.swift; sourceTree = "<group>"; };
		DA0000000000000000000024 /* WebGate.swift */ = {isa = PBXFileReference; lastKnownFileType = sourcecode.swift; path = WebGate.swift; sourceTree = "<group>"; };
		DA0000000000000000000025 /* SettingsView.swift */ = {isa = PBXFileReference; lastKnownFileType = sourcecode.swift; path = SettingsView.swift; sourceTree = "<group>"; };
		DA0000000000000000000026 /* OnboardingView.swift */ = {isa = PBXFileReference; lastKnownFileType = sourcecode.swift; path = OnboardingView.swift; sourceTree = "<group>"; };
		DA0000000000000000000027 /* AchievementsView.swift */ = {isa = PBXFileReference; lastKnownFileType = sourcecode.swift; path = AchievementsView.swift; sourceTree = "<group>"; };
		DA0000000000000000000028 /* Assets.xcassets */ = {isa = PBXFileReference; lastKnownFileType = folder.assetcatalog; path = Assets.xcassets; sourceTree = "<group>"; };
		DA0000000000000000000029 /* Info.plist */ = {isa = PBXFileReference; lastKnownFileType = text.plist.xml; path = Info.plist; sourceTree = "<group>"; };
		DAC00000000000000000000E /* Vorunel.app */ = {isa = PBXFileReference; explicitFileType = wrapper.application; includeInIndex = 0; path = "Vorunel.app"; sourceTree = BUILT_PRODUCTS_DIR; };
/* End PBXFileReference section */

/* Begin PBXFrameworksBuildPhase section */
		DACC000000000000000000C2 /* Frameworks */ = {
			isa = PBXFrameworksBuildPhase;
			buildActionMask = 2147483647;
			files = (
			);
			runOnlyForDeploymentPostprocessing = 0;
		};
/* End PBXFrameworksBuildPhase section */

/* Begin PBXGroup section */
		DAC00000000000000000000A = {
			isa = PBXGroup;
			children = (
				DAC00000000000000000000C /* Vorunel */,
				DAC00000000000000000000B /* Products */,
			);
			sourceTree = "<group>";
		};
		DAC00000000000000000000B /* Products */ = {
			isa = PBXGroup;
			children = (
				DAC00000000000000000000E /* Vorunel.app */,
			);
			name = Products;
			sourceTree = "<group>";
		};
		DAC00000000000000000000C /* Vorunel */ = {
			isa = PBXGroup;
			children = (
				DA0000000000000000000027 /* AchievementsView.swift */,
				DA0000000000000000000001 /* BoardView.swift */,
				DA0000000000000000000002 /* CampaignViews.swift */,
				DA0000000000000000000003 /* CodexView.swift */,
				DA0000000000000000000004 /* ContentCampaign.swift */,
				DA0000000000000000000005 /* ContentHeroes.swift */,
				DA0000000000000000000006 /* ContentMeta.swift */,
				DA0000000000000000000007 /* ContentMonsters.swift */,
				DA0000000000000000000008 /* ContentTrapsRooms.swift */,
				DA0000000000000000000009 /* VorunelApp.swift */,
				DA0000000000000000000010 /* EditorView.swift */,
				DA0000000000000000000011 /* EndlessHubView.swift */,
				DA0000000000000000000012 /* GameStore.swift */,
				DA0000000000000000000013 /* Icons.swift */,
				DA0000000000000000000014 /* IconsGame.swift */,
				DA0000000000000000000015 /* MainViews.swift */,
				DA0000000000000000000016 /* Models.swift */,
				DA0000000000000000000026 /* OnboardingView.swift */,
				DA0000000000000000000017 /* RaidEngine.swift */,
				DA0000000000000000000018 /* RaidModels.swift */,
				DA0000000000000000000019 /* RaidResultView.swift */,
				DA0000000000000000000020 /* RaidView.swift */,
				DA0000000000000000000025 /* SettingsView.swift */,
				DA0000000000000000000021 /* Support.swift */,
				DA0000000000000000000022 /* Theme.swift */,
				DA0000000000000000000023 /* UnlocksView.swift */,
				DA0000000000000000000024 /* WebGate.swift */,
				DA0000000000000000000028 /* Assets.xcassets */,
				DA0000000000000000000029 /* Info.plist */,
			);
			path = "Vorunel";
			sourceTree = "<group>";
		};
/* End PBXGroup section */

/* Begin PBXNativeTarget section */
		DAC00000000000000000000D /* Vorunel */ = {
			isa = PBXNativeTarget;
			buildConfigurationList = DACC000000000000000000B1 /* Build configuration list for PBXNativeTarget "Vorunel" */;
			buildPhases = (
				DACC000000000000000000C1 /* Sources */,
				DACC000000000000000000C2 /* Frameworks */,
				DACC000000000000000000C3 /* Resources */,
			);
			buildRules = (
			);
			dependencies = (
			);
			name = "Vorunel";
			productName = "Vorunel";
			productReference = DAC00000000000000000000E /* Vorunel.app */;
			productType = "com.apple.product-type.application";
		};
/* End PBXNativeTarget section */

/* Begin PBXProject section */
		DAC0000000000000000000FF /* Project object */ = {
			isa = PBXProject;
			attributes = {
				BuildIndependentTargetsInParallel = 1;
				LastSwiftUpdateCheck = 1340;
				LastUpgradeCheck = 1340;
				TargetAttributes = {
					DAC00000000000000000000D = {
						CreatedOnToolsVersion = 13.4;
					};
				};
			};
			buildConfigurationList = DACC000000000000000000A1 /* Build configuration list for PBXProject "Vorunel" */;
			compatibilityVersion = "Xcode 13.0";
			developmentRegion = en;
			hasScannedForEncodings = 0;
			knownRegions = (
				en,
				Base,
			);
			mainGroup = DAC00000000000000000000A;
			productRefGroup = DAC00000000000000000000B /* Products */;
			projectDirPath = "";
			projectRoot = "";
			targets = (
				DAC00000000000000000000D /* Vorunel */,
			);
		};
/* End PBXProject section */

/* Begin PBXResourcesBuildPhase section */
		DACC000000000000000000C3 /* Resources */ = {
			isa = PBXResourcesBuildPhase;
			buildActionMask = 2147483647;
			files = (
				DAB000000000000000000028 /* Assets.xcassets in Resources */,
			);
			runOnlyForDeploymentPostprocessing = 0;
		};
/* End PBXResourcesBuildPhase section */

/* Begin PBXSourcesBuildPhase section */
		DACC000000000000000000C1 /* Sources */ = {
			isa = PBXSourcesBuildPhase;
			buildActionMask = 2147483647;
			files = (
				DAB000000000000000000027 /* AchievementsView.swift in Sources */,
				DAB000000000000000000001 /* BoardView.swift in Sources */,
				DAB000000000000000000002 /* CampaignViews.swift in Sources */,
				DAB000000000000000000003 /* CodexView.swift in Sources */,
				DAB000000000000000000004 /* ContentCampaign.swift in Sources */,
				DAB000000000000000000005 /* ContentHeroes.swift in Sources */,
				DAB000000000000000000006 /* ContentMeta.swift in Sources */,
				DAB000000000000000000007 /* ContentMonsters.swift in Sources */,
				DAB000000000000000000008 /* ContentTrapsRooms.swift in Sources */,
				DAB000000000000000000009 /* VorunelApp.swift in Sources */,
				DAB000000000000000000010 /* EditorView.swift in Sources */,
				DAB000000000000000000011 /* EndlessHubView.swift in Sources */,
				DAB000000000000000000012 /* GameStore.swift in Sources */,
				DAB000000000000000000013 /* Icons.swift in Sources */,
				DAB000000000000000000014 /* IconsGame.swift in Sources */,
				DAB000000000000000000015 /* MainViews.swift in Sources */,
				DAB000000000000000000016 /* Models.swift in Sources */,
				DAB000000000000000000026 /* OnboardingView.swift in Sources */,
				DAB000000000000000000017 /* RaidEngine.swift in Sources */,
				DAB000000000000000000018 /* RaidModels.swift in Sources */,
				DAB000000000000000000019 /* RaidResultView.swift in Sources */,
				DAB000000000000000000020 /* RaidView.swift in Sources */,
				DAB000000000000000000025 /* SettingsView.swift in Sources */,
				DAB000000000000000000021 /* Support.swift in Sources */,
				DAB000000000000000000022 /* Theme.swift in Sources */,
				DAB000000000000000000023 /* UnlocksView.swift in Sources */,
				DAB000000000000000000024 /* WebGate.swift in Sources */,
			);
			runOnlyForDeploymentPostprocessing = 0;
		};
/* End PBXSourcesBuildPhase section */

/* Begin XCBuildConfiguration section */
		DACC000000000000000000A2 /* Debug */ = {
			isa = XCBuildConfiguration;
			buildSettings = {
				ALWAYS_SEARCH_USER_PATHS = NO;
				CLANG_ANALYZER_NONNULL = YES;
				CLANG_ANALYZER_NUMBER_OBJECT_CONVERSION = YES_AGGRESSIVE;
				CLANG_CXX_LANGUAGE_STANDARD = "gnu++17";
				CLANG_ENABLE_MODULES = YES;
				CLANG_ENABLE_OBJC_ARC = YES;
				CLANG_ENABLE_OBJC_WEAK = YES;
				CLANG_WARN_BLOCK_CAPTURE_AUTORELEASING = YES;
				CLANG_WARN_BOOL_CONVERSION = YES;
				CLANG_WARN_COMMA = YES;
				CLANG_WARN_CONSTANT_CONVERSION = YES;
				CLANG_WARN_DEPRECATED_OBJC_IMPLEMENTATIONS = YES;
				CLANG_WARN_DIRECT_OBJC_ISA_USAGE = YES_ERROR;
				CLANG_WARN_DOCUMENTATION_COMMENTS = YES;
				CLANG_WARN_EMPTY_BODY = YES;
				CLANG_WARN_ENUM_CONVERSION = YES;
				CLANG_WARN_INFINITE_RECURSION = YES;
				CLANG_WARN_INT_CONVERSION = YES;
				CLANG_WARN_NON_LITERAL_NULL_CONVERSION = YES;
				CLANG_WARN_OBJC_IMPLICIT_RETAIN_SELF = YES;
				CLANG_WARN_OBJC_LITERAL_CONVERSION = YES;
				CLANG_WARN_OBJC_ROOT_CLASS = YES_ERROR;
				CLANG_WARN_QUOTED_INCLUDE_IN_FRAMEWORK_HEADER = YES;
				CLANG_WARN_RANGE_LOOP_ANALYSIS = YES;
				CLANG_WARN_STRICT_PROTOTYPES = YES;
				CLANG_WARN_SUSPICIOUS_MOVE = YES;
				CLANG_WARN_UNGUARDED_AVAILABILITY = YES_AGGRESSIVE;
				CLANG_WARN_UNREACHABLE_CODE = YES;
				CLANG_WARN__DUPLICATE_METHOD_MATCH = YES;
				COPY_PHASE_STRIP = NO;
				DEBUG_INFORMATION_FORMAT = dwarf;
				ENABLE_STRICT_OBJC_MSGSEND = YES;
				ENABLE_TESTABILITY = YES;
				GCC_C_LANGUAGE_STANDARD = gnu11;
				GCC_DYNAMIC_NO_PIC = NO;
				GCC_NO_COMMON_BLOCKS = YES;
				GCC_OPTIMIZATION_LEVEL = 0;
				GCC_PREPROCESSOR_DEFINITIONS = (
					"DEBUG=1",
					"$(inherited)",
				);
				GCC_WARN_64_TO_32_BIT_CONVERSION = YES;
				GCC_WARN_ABOUT_RETURN_TYPE = YES_ERROR;
				GCC_WARN_UNDECLARED_SELECTOR = YES;
				GCC_WARN_UNINITIALIZED_AUTOS = YES_AGGRESSIVE;
				GCC_WARN_UNUSED_FUNCTION = YES;
				GCC_WARN_UNUSED_VARIABLE = YES;
				IPHONEOS_DEPLOYMENT_TARGET = 15.6;
				MTL_ENABLE_DEBUG_INFO = INCLUDE_SOURCE;
				MTL_FAST_MATH = YES;
				ONLY_ACTIVE_ARCH = YES;
				SDKROOT = iphoneos;
				SWIFT_ACTIVE_COMPILATION_CONDITIONS = DEBUG;
				SWIFT_OPTIMIZATION_LEVEL = "-Onone";
			};
			name = Debug;
		};
		DACC000000000000000000A3 /* Release */ = {
			isa = XCBuildConfiguration;
			buildSettings = {
				ALWAYS_SEARCH_USER_PATHS = NO;
				CLANG_ANALYZER_NONNULL = YES;
				CLANG_ANALYZER_NUMBER_OBJECT_CONVERSION = YES_AGGRESSIVE;
				CLANG_CXX_LANGUAGE_STANDARD = "gnu++17";
				CLANG_ENABLE_MODULES = YES;
				CLANG_ENABLE_OBJC_ARC = YES;
				CLANG_ENABLE_OBJC_WEAK = YES;
				CLANG_WARN_BLOCK_CAPTURE_AUTORELEASING = YES;
				CLANG_WARN_BOOL_CONVERSION = YES;
				CLANG_WARN_COMMA = YES;
				CLANG_WARN_CONSTANT_CONVERSION = YES;
				CLANG_WARN_DEPRECATED_OBJC_IMPLEMENTATIONS = YES;
				CLANG_WARN_DIRECT_OBJC_ISA_USAGE = YES_ERROR;
				CLANG_WARN_DOCUMENTATION_COMMENTS = YES;
				CLANG_WARN_EMPTY_BODY = YES;
				CLANG_WARN_ENUM_CONVERSION = YES;
				CLANG_WARN_INFINITE_RECURSION = YES;
				CLANG_WARN_INT_CONVERSION = YES;
				CLANG_WARN_NON_LITERAL_NULL_CONVERSION = YES;
				CLANG_WARN_OBJC_IMPLICIT_RETAIN_SELF = YES;
				CLANG_WARN_OBJC_LITERAL_CONVERSION = YES;
				CLANG_WARN_OBJC_ROOT_CLASS = YES_ERROR;
				CLANG_WARN_QUOTED_INCLUDE_IN_FRAMEWORK_HEADER = YES;
				CLANG_WARN_RANGE_LOOP_ANALYSIS = YES;
				CLANG_WARN_STRICT_PROTOTYPES = YES;
				CLANG_WARN_SUSPICIOUS_MOVE = YES;
				CLANG_WARN_UNGUARDED_AVAILABILITY = YES_AGGRESSIVE;
				CLANG_WARN_UNREACHABLE_CODE = YES;
				CLANG_WARN__DUPLICATE_METHOD_MATCH = YES;
				COPY_PHASE_STRIP = NO;
				DEBUG_INFORMATION_FORMAT = "dwarf-with-dsym";
				ENABLE_NS_ASSERTIONS = NO;
				ENABLE_STRICT_OBJC_MSGSEND = YES;
				GCC_C_LANGUAGE_STANDARD = gnu11;
				GCC_NO_COMMON_BLOCKS = YES;
				GCC_WARN_64_TO_32_BIT_CONVERSION = YES;
				GCC_WARN_ABOUT_RETURN_TYPE = YES_ERROR;
				GCC_WARN_UNDECLARED_SELECTOR = YES;
				GCC_WARN_UNINITIALIZED_AUTOS = YES_AGGRESSIVE;
				GCC_WARN_UNUSED_FUNCTION = YES;
				GCC_WARN_UNUSED_VARIABLE = YES;
				IPHONEOS_DEPLOYMENT_TARGET = 15.6;
				MTL_ENABLE_DEBUG_INFO = NO;
				MTL_FAST_MATH = YES;
				SDKROOT = iphoneos;
				SWIFT_COMPILATION_MODE = wholemodule;
				SWIFT_OPTIMIZATION_LEVEL = "-O";
				VALIDATE_PRODUCT = YES;
			};
			name = Release;
		};
		DACC000000000000000000B2 /* Debug */ = {
			isa = XCBuildConfiguration;
			buildSettings = {
				ASSETCATALOG_COMPILER_APPICON_NAME = AppIcon;
				ASSETCATALOG_COMPILER_GLOBAL_ACCENT_COLOR_NAME = "";
				CODE_SIGN_STYLE = Manual;
				CURRENT_PROJECT_VERSION = 2;
				GENERATE_INFOPLIST_FILE = NO;
				INFOPLIST_FILE = "Vorunel/Info.plist";
				IPHONEOS_DEPLOYMENT_TARGET = 15.6;
				LD_RUNPATH_SEARCH_PATHS = (
					"$(inherited)",
					"@executable_path/Frameworks",
				);
				MARKETING_VERSION = 1.1;
				PRODUCT_BUNDLE_IDENTIFIER = com.vorunel.app;
				PRODUCT_NAME = "$(TARGET_NAME)";
				SUPPORTED_PLATFORMS = "iphoneos iphonesimulator";
				SWIFT_EMIT_LOC_STRINGS = YES;
				SWIFT_VERSION = 5.0;
				SUPPORTS_MACCATALYST = NO;
				SUPPORTS_MAC_DESIGNED_FOR_IPHONE_IPAD = NO;
				SUPPORTS_XR_DESIGNED_FOR_IPHONE_IPAD = NO;
				TARGETED_DEVICE_FAMILY = 1;
			};
			name = Debug;
		};
		DACC000000000000000000B3 /* Release */ = {
			isa = XCBuildConfiguration;
			buildSettings = {
				ASSETCATALOG_COMPILER_APPICON_NAME = AppIcon;
				ASSETCATALOG_COMPILER_GLOBAL_ACCENT_COLOR_NAME = "";
				CODE_SIGN_STYLE = Manual;
				CURRENT_PROJECT_VERSION = 2;
				GENERATE_INFOPLIST_FILE = NO;
				INFOPLIST_FILE = "Vorunel/Info.plist";
				IPHONEOS_DEPLOYMENT_TARGET = 15.6;
				LD_RUNPATH_SEARCH_PATHS = (
					"$(inherited)",
					"@executable_path/Frameworks",
				);
				MARKETING_VERSION = 1.1;
				PRODUCT_BUNDLE_IDENTIFIER = com.vorunel.app;
				PRODUCT_NAME = "$(TARGET_NAME)";
				SUPPORTED_PLATFORMS = "iphoneos iphonesimulator";
				SWIFT_EMIT_LOC_STRINGS = YES;
				SWIFT_VERSION = 5.0;
				SUPPORTS_MACCATALYST = NO;
				SUPPORTS_MAC_DESIGNED_FOR_IPHONE_IPAD = NO;
				SUPPORTS_XR_DESIGNED_FOR_IPHONE_IPAD = NO;
				TARGETED_DEVICE_FAMILY = 1;
			};
			name = Release;
		};
/* End XCBuildConfiguration section */

/* Begin XCConfigurationList section */
		DACC000000000000000000A1 /* Build configuration list for PBXProject "Vorunel" */ = {
			isa = XCConfigurationList;
			buildConfigurations = (
				DACC000000000000000000A2 /* Debug */,
				DACC000000000000000000A3 /* Release */,
			);
			defaultConfigurationIsVisible = 0;
			defaultConfigurationName = Release;
		};
		DACC000000000000000000B1 /* Build configuration list for PBXNativeTarget "Vorunel" */ = {
			isa = XCConfigurationList;
			buildConfigurations = (
				DACC000000000000000000B2 /* Debug */,
				DACC000000000000000000B3 /* Release */,
			);
			defaultConfigurationIsVisible = 0;
			defaultConfigurationName = Release;
		};
/* End XCConfigurationList section */
	};
	rootObject = DAC0000000000000000000FF /* Project object */;
}
